
Microsoft Visual Studio Solution File, Format Version 12.00
# Visual Studio Version 16
VisualStudioVersion = 16.0.32929.386
MinimumVisualStudioVersion = 10.0.40219.1
Project("{FAE04EC0-301F-11D3-BF4B-00C04F79EFBC}") = "AreaTestingProject", "AreaTestingProject.csproj", "{6698A753-AF8B-4D3B-B2D1-83437BCF9A1F}"
EndProject
Global
	GlobalSection(SolutionConfigurationPlatforms) = preSolution
		Debug|Any CPU = Debug|Any CPU
		Release|Any CPU = Release|Any CPU
	EndGlobalSection
	GlobalSection(ProjectConfigurationPlatforms) = postSolution
		{6698A753-AF8B-4D3B-B2D1-83437BCF9A1F}.Debug|Any CPU.ActiveCfg = Debug|Any CPU
		{6698A753-AF8B-4D3B-B2D1-83437BCF9A1F}.Debug|Any CPU.Build.0 = Debug|Any CPU
		{6698A753-AF8B-4D3B-B2D1-83437BCF9A1F}.Release|Any CPU.ActiveCfg = Release|Any CPU
		{6698A753-AF8B-4D3B-B2D1-83437BCF9A1F}.Release|Any CPU.Build.0 = Release|Any CPU
	EndGlobalSection
	GlobalSection(SolutionProperties) = preSolution
		HideSolutionNode = FALSE
	EndGlobalSection
	GlobalSection(ExtensibilityGlobals) = postSolution
		SolutionGuid = {26E3318E-142F-4273-9071-144E1F8AE2C1}
	EndGlobalSection
EndGlobal
